# This file is automatically @generated by Cargo.
# It is not intended for manual editing.
version = 3

[[package]]
name = "aoc-9-rust"
version = "0.1.0"
dependencies = [
 "vec",
]

[[package]]
name = "vec"
version = "0.0.0"
source = "registry+https://github.com/rust-lang/crates.io-index"
checksum = "506ffaa891811c8df5208ab9f7d77754b493a70d0a1f8e9e760437b739adf810"
