# This file is automatically @generated by Cargo.
# It is not intended for manual editing.
version = 3

[[package]]
name = "aoc-6-rust"
version = "0.1.0"
dependencies = [
 "die",
 "io",
]

[[package]]
name = "die"
version = "0.2.0"
source = "registry+https://github.com/rust-lang/crates.io-index"
checksum = "f8634d5e6139f7364a4e99bd718b2f511f2f25863146360e70909bc45a016290"

[[package]]
name = "io"
version = "0.0.2"
source = "registry+https://github.com/rust-lang/crates.io-index"
checksum = "85c839d30624bc6b3dced6a4652823d1967fb7939d4848ad002d509b1fc916b2"
